{
  "name": "Node Assignment",
  "lockfileVersion": 3,
  "requires": true,
  "packages": {
    "": {
      "name": "Node Assignment",
      "dependencies": {
        "require": "^0.4.4",
        "uc": "^0.0.0-0",
        "upper-case": "^3.0.0"
      }
    },
    "node_modules/require": {
      "version": "0.4.4",
      "resolved": "https://registry.npmjs.org/require/-/require-0.4.4.tgz",
      "integrity": "sha512-aCu6DCnZpKufLPwcXvXVf7rv9gXFojNBQvp/anIBIhTn8XLREnI/WTC4T4WPz4MYKFrRrJ1ocA76pMuH+laaMA==",
      "bin": {
        "require": "bin/require-command.js"
      },
      "engines": {
        "browsers": "*",
        "node": "*"
      }
    },
    "node_modules/uc": {
      "version": "0.0.0-0",
      "resolved": "https://registry.npmjs.org/uc/-/uc-0.0.0-0.tgz",
      "integrity": "sha512-8mjpqUuJKQv3R7eSa8AHuwt6GVZpJ/q8UW4XifITa1lfloqsvdqRFG+hmPVZR/wNYUjeh/v9zdwtkSr7MOoqHA=="
    },
    "node_modules/upper-case": {
      "version": "3.0.0",
      "resolved": "https://registry.npmjs.org/upper-case/-/upper-case-3.0.0.tgz",
      "integrity": "sha512-q6ZAk+RaBO94GGFpdM6GJ2pOXx6Ky/BK9xluGUqMYvY6qZjFN7RPbzqcd+OBru8tRFlcLcS40AIrIq48VhcTIA==",
      "deprecated": "Use `str.toLocaleUpperCase` or `str.toUpperCase`"
    }
  }
}
